// !$*UTF8*$!
{
	archiveVersion = 1;
	classes = {
	};
	objectVersion = 56;
	objects = {

/* Begin PBXBuildFile section */
		04E4A29C2BF9D2AA00EA1DB2 /* AppDelegate.swift in Sources */ = {isa = PBXBuildFile; fileRef = 04E4A29B2BF9D2AA00EA1DB2 /* AppDelegate.swift */; };
		04E4A29E2BF9D2AA00EA1DB2 /* SceneDelegate.swift in Sources */ = {isa = PBXBuildFile; fileRef = 04E4A29D2BF9D2AA00EA1DB2 /* SceneDelegate.swift */; };
		04E4A2A02BF9D2AA00EA1DB2 /* ViewController.swift in Sources */ = {isa = PBXBuildFile; fileRef = 04E4A29F2BF9D2AA00EA1DB2 /* ViewController.swift */; };
		04E4A2A32BF9D2AA00EA1DB2 /* Base in Resources */ = {isa = PBXBuildFile; fileRef = 04E4A2A22BF9D2AA00EA1DB2 /* Base */; };
		04E4A2A52BF9D2AB00EA1DB2 /* Assets.xcassets in Resources */ = {isa = PBXBuildFile; fileRef = 04E4A2A42BF9D2AB00EA1DB2 /* Assets.xcassets */; };
		04E4A2A82BF9D2AB00EA1DB2 /* Base in Resources */ = {isa = PBXBuildFile; fileRef = 04E4A2A72BF9D2AB00EA1DB2 /* Base */; };
		04E4A2B02BF9D2D400EA1DB2 /* rsaEncryptionPKCS1.swift in Sources */ = {isa = PBXBuildFile; fileRef = 04E4A2AF2BF9D2D400EA1DB2 /* rsaEncryptionPKCS1.swift */; };
		04E4A2B22BF9D52E00EA1DB2 /* AppExtension.swift in Sources */ = {isa = PBXBuildFile; fileRef = 04E4A2B12BF9D52E00EA1DB2 /* AppExtension.swift */; };
/* End PBXBuildFile section */

/* Begin PBXFileReference section */
		04E4A2982BF9D2AA00EA1DB2 /* RSAEncryptionDecryption.app */ = {isa = PBXFileReference; explicitFileType = wrapper.application; includeInIndex = 0; path = RSAEncryptionDecryption.app; sourceTree = BUILT_PRODUCTS_DIR; };
		04E4A29B2BF9D2AA00EA1DB2 /* AppDelegate.swift */ = {isa = PBXFileReference; lastKnownFileType = sourcecode.swift; path = AppDelegate.swift; sourceTree = "<group>"; };
		04E4A29D2BF9D2AA00EA1DB2 /* SceneDelegate.swift */ = {isa = PBXFileReference; lastKnownFileType = sourcecode.swift; path = SceneDelegate.swift; sourceTree = "<group>"; };
		04E4A29F2BF9D2AA00EA1DB2 /* ViewController.swift */ = {isa = PBXFileReference; lastKnownFileType = sourcecode.swift; path = ViewController.swift; sourceTree = "<group>"; };
		04E4A2A22BF9D2AA00EA1DB2 /* Base */ = {isa = PBXFileReference; lastKnownFileType = file.storyboard; name = Base; path = Base.lproj/Main.storyboard; sourceTree = "<group>"; };
		04E4A2A42BF9D2AB00EA1DB2 /* Assets.xcassets */ = {isa = PBXFileReference; lastKnownFileType = folder.assetcatalog; path = Assets.xcassets; sourceTree = "<group>"; };
		04E4A2A72BF9D2AB00EA1DB2 /* Base */ = {isa = PBXFileReference; lastKnownFileType = file.storyboard; name = Base; path = Base.lproj/LaunchScreen.storyboard; sourceTree = "<group>"; };
		04E4A2A92BF9D2AB00EA1DB2 /* Info.plist */ = {isa = PBXFileReference; lastKnownFileType = text.plist.xml; path = Info.plist; sourceTree = "<group>"; };
		04E4A2AF2BF9D2D400EA1DB2 /* rsaEncryptionPKCS1.swift */ = {isa = PBXFileReference; fileEncoding = 4; lastKnownFileType = sourcecode.swift; path = rsaEncryptionPKCS1.swift; sourceTree = "<group>"; };
		04E4A2B12BF9D52E00EA1DB2 /* AppExtension.swift */ = {isa = PBXFileReference; lastKnownFileType = sourcecode.swift; path = AppExtension.swift; sourceTree = "<group>"; };
/* End PBXFileReference section */

/* Begin PBXFrameworksBuildPhase section */
		04E4A2952BF9D2AA00EA1DB2 /* Frameworks */ = {
			isa = PBXFrameworksBuildPhase;
			buildActionMask = 2147483647;
			files = (
			);
			runOnlyForDeploymentPostprocessing = 0;
		};
/* End PBXFrameworksBuildPhase section */

/* Begin PBXGroup section */
		04E4A28F2BF9D2AA00EA1DB2 = {
			isa = PBXGroup;
			children = (
				04E4A29A2BF9D2AA00EA1DB2 /* RSAEncryptionDecryption */,
				04E4A2992BF9D2AA00EA1DB2 /* Products */,
			);
			sourceTree = "<group>";
		};
		04E4A2992BF9D2AA00EA1DB2 /* Products */ = {
			isa = PBXGroup;
			children = (
				04E4A2982BF9D2AA00EA1DB2 /* RSAEncryptionDecryption.app */,
			);
			name = Products;
			sourceTree = "<group>";
		};
		04E4A29A2BF9D2AA00EA1DB2 /* RSAEncryptionDecryption */ = {
			isa = PBXGroup;
			children = (
				04E4A2AF2BF9D2D400EA1DB2 /* rsaEncryptionPKCS1.swift */,
				04E4A29B2BF9D2AA00EA1DB2 /* AppDelegate.swift */,
				04E4A29D2BF9D2AA00EA1DB2 /* SceneDelegate.swift */,
				04E4A29F2BF9D2AA00EA1DB2 /* ViewController.swift */,
				04E4A2A12BF9D2AA00EA1DB2 /* Main.storyboard */,
				04E4A2A42BF9D2AB00EA1DB2 /* Assets.xcassets */,
				04E4A2A62BF9D2AB00EA1DB2 /* LaunchScreen.storyboard */,
				04E4A2A92BF9D2AB00EA1DB2 /* Info.plist */,
				04E4A2B12BF9D52E00EA1DB2 /* AppExtension.swift */,
			);
			path = RSAEncryptionDecryption;
			sourceTree = "<group>";
		};
/* End PBXGroup section */

/* Begin PBXNativeTarget section */
		04E4A2972BF9D2AA00EA1DB2 /* RSAEncryptionDecryption */ = {
			isa = PBXNativeTarget;
			buildConfigurationList = 04E4A2AC2BF9D2AB00EA1DB2 /* Build configuration list for PBXNativeTarget "RSAEncryptionDecryption" */;
			buildPhases = (
				04E4A2942BF9D2AA00EA1DB2 /* Sources */,
				04E4A2952BF9D2AA00EA1DB2 /* Frameworks */,
				04E4A2962BF9D2AA00EA1DB2 /* Resources */,
			);
			buildRules = (
			);
			dependencies = (
			);
			name = RSAEncryptionDecryption;
			productName = RSAEncryptionDecryption;
			productReference = 04E4A2982BF9D2AA00EA1DB2 /* RSAEncryptionDecryption.app */;
			productType = "com.apple.product-type.application";
		};
/* End PBXNativeTarget section */

/* Begin PBXProject section */
		04E4A2902BF9D2AA00EA1DB2 /* Project object */ = {
			isa = PBXProject;
			attributes = {
				BuildIndependentTargetsInParallel = 1;
				LastSwiftUpdateCheck = 1530;
				LastUpgradeCheck = 1530;
				TargetAttributes = {
					04E4A2972BF9D2AA00EA1DB2 = {
						CreatedOnToolsVersion = 15.3;
					};
				};
			};
			buildConfigurationList = 04E4A2932BF9D2AA00EA1DB2 /* Build configuration list for PBXProject "RSAEncryptionDecryption" */;
			compatibilityVersion = "Xcode 14.0";
			developmentRegion = en;
			hasScannedForEncodings = 0;
			knownRegions = (
				en,
				Base,
			);
			mainGroup = 04E4A28F2BF9D2AA00EA1DB2;
			productRefGroup = 04E4A2992BF9D2AA00EA1DB2 /* Products */;
			projectDirPath = "";
			projectRoot = "";
			targets = (
				04E4A2972BF9D2AA00EA1DB2 /* RSAEncryptionDecryption */,
			);
		};
/* End PBXProject section */

/* Begin PBXResourcesBuildPhase section */
		04E4A2962BF9D2AA00EA1DB2 /* Resources */ = {
			isa = PBXResourcesBuildPhase;
			buildActionMask = 2147483647;
			files = (
				04E4A2A52BF9D2AB00EA1DB2 /* Assets.xcassets in Resources */,
				04E4A2A82BF9D2AB00EA1DB2 /* Base in Resources */,
				04E4A2A32BF9D2AA00EA1DB2 /* Base in Resources */,
			);
			runOnlyForDeploymentPostprocessing = 0;
		};
/* End PBXResourcesBuildPhase section */

/* Begin PBXSourcesBuildPhase section */
		04E4A2942BF9D2AA00EA1DB2 /* Sources */ = {
			isa = PBXSourcesBuildPhase;
			buildActionMask = 2147483647;
			files = (
				04E4A2A02BF9D2AA00EA1DB2 /* ViewController.swift in Sources */,
				04E4A29C2BF9D2AA00EA1DB2 /* AppDelegate.swift in Sources */,
				04E4A2B02BF9D2D400EA1DB2 /* rsaEncryptionPKCS1.swift in Sources */,
				04E4A2B22BF9D52E00EA1DB2 /* AppExtension.swift in Sources */,
				04E4A29E2BF9D2AA00EA1DB2 /* SceneDelegate.swift in Sources */,
			);
			runOnlyForDeploymentPostprocessing = 0;
		};
/* End PBXSourcesBuildPhase section */

/* Begin PBXVariantGroup section */
		04E4A2A12BF9D2AA00EA1DB2 /* Main.storyboard */ = {
			isa = PBXVariantGroup;
			children = (
				04E4A2A22BF9D2AA00EA1DB2 /* Base */,
			);
			name = Main.storyboard;
			sourceTree = "<group>";
		};
		04E4A2A62BF9D2AB00EA1DB2 /* LaunchScreen.storyboard */ = {
			isa = PBXVariantGroup;
			children = (
				04E4A2A72BF9D2AB00EA1DB2 /* Base */,
			);
			name = LaunchScreen.storyboard;
			sourceTree = "<group>";
		};
/* End PBXVariantGroup section */

/* Begin XCBuildConfiguration section */
		04E4A2AA2BF9D2AB00EA1DB2 /* Debug */ = {
			isa = XCBuildConfiguration;
			buildSettings = {
				ALWAYS_SEARCH_USER_PATHS = NO;
				ASSETCATALOG_COMPILER_GENERATE_SWIFT_ASSET_SYMBOL_EXTENSIONS = YES;
				CLANG_ANALYZER_NONNULL = YES;
				CLANG_ANALYZER_NUMBER_OBJECT_CONVERSION = YES_AGGRESSIVE;
				CLANG_CXX_LANGUAGE_STANDARD = "gnu++20";
				CLANG_ENABLE_MODULES = YES;
				CLANG_ENABLE_OBJC_ARC = YES;
				CLANG_ENABLE_OBJC_WEAK = YES;
				CLANG_WARN_BLOCK_CAPTURE_AUTORELEASING = YES;
				CLANG_WARN_BOOL_CONVERSION = YES;
				CLANG_WARN_COMMA = YES;
				CLANG_WARN_CONSTANT_CONVERSION = YES;
				CLANG_WARN_DEPRECATED_OBJC_IMPLEMENTATIONS = YES;
				CLANG_WARN_DIRECT_OBJC_ISA_USAGE = YES_ERROR;
				CLANG_WARN_DOCUMENTATION_COMMENTS = YES;
				CLANG_WARN_EMPTY_BODY = YES;
				CLANG_WARN_ENUM_CONVERSION = YES;
				CLANG_WARN_INFINITE_RECURSION = YES;
				CLANG_WARN_INT_CONVERSION = YES;
				CLANG_WARN_NON_LITERAL_NULL_CONVERSION = YES;
				CLANG_WARN_OBJC_IMPLICIT_RETAIN_SELF = YES;
				CLANG_WARN_OBJC_LITERAL_CONVERSION = YES;
				CLANG_WARN_OBJC_ROOT_CLASS = YES_ERROR;
				CLANG_WARN_QUOTED_INCLUDE_IN_FRAMEWORK_HEADER = YES;
				CLANG_WARN_RANGE_LOOP_ANALYSIS = YES;
				CLANG_WARN_STRICT_PROTOTYPES = YES;
				CLANG_WARN_SUSPICIOUS_MOVE = YES;
				CLANG_WARN_UNGUARDED_AVAILABILITY = YES_AGGRESSIVE;
				CLANG_WARN_UNREACHABLE_CODE = YES;
				CLANG_WARN__DUPLICATE_METHOD_MATCH = YES;
				COPY_PHASE_STRIP = NO;
				DEBUG_INFORMATION_FORMAT = dwarf;
				ENABLE_STRICT_OBJC_MSGSEND = YES;
				ENABLE_TESTABILITY = YES;
				ENABLE_USER_SCRIPT_SANDBOXING = YES;
				GCC_C_LANGUAGE_STANDARD = gnu17;
				GCC_DYNAMIC_NO_PIC = NO;
				GCC_NO_COMMON_BLOCKS = YES;
				GCC_OPTIMIZATION_LEVEL = 0;
				GCC_PREPROCESSOR_DEFINITIONS = (
					"DEBUG=1",
					"$(inherited)",
				);
				GCC_WARN_64_TO_32_BIT_CONVERSION = YES;
				GCC_WARN_ABOUT_RETURN_TYPE = YES_ERROR;
				GCC_WARN_UNDECLARED_SELECTOR = YES;
				GCC_WARN_UNINITIALIZED_AUTOS = YES_AGGRESSIVE;
				GCC_WARN_UNUSED_FUNCTION = YES;
				GCC_WARN_UNUSED_VARIABLE = YES;
				IPHONEOS_DEPLOYMENT_TARGET = 17.4;
				LOCALIZATION_PREFERS_STRING_CATALOGS = YES;
				MTL_ENABLE_DEBUG_INFO = INCLUDE_SOURCE;
				MTL_FAST_MATH = YES;
				ONLY_ACTIVE_ARCH = YES;
				SDKROOT = iphoneos;
				SWIFT_ACTIVE_COMPILATION_CONDITIONS = "DEBUG $(inherited)";
				SWIFT_OPTIMIZATION_LEVEL = "-Onone";
			};
			name = Debug;
		};
		04E4A2AB2BF9D2AB00EA1DB2 /* Release */ = {
			isa = XCBuildConfiguration;
			buildSettings = {
				ALWAYS_SEARCH_USER_PATHS = NO;
				ASSETCATALOG_COMPILER_GENERATE_SWIFT_ASSET_SYMBOL_EXTENSIONS = YES;
				CLANG_ANALYZER_NONNULL = YES;
				CLANG_ANALYZER_NUMBER_OBJECT_CONVERSION = YES_AGGRESSIVE;
				CLANG_CXX_LANGUAGE_STANDARD = "gnu++20";
				CLANG_ENABLE_MODULES = YES;
				CLANG_ENABLE_OBJC_ARC = YES;
				CLANG_ENABLE_OBJC_WEAK = YES;
				CLANG_WARN_BLOCK_CAPTURE_AUTORELEASING = YES;
				CLANG_WARN_BOOL_CONVERSION = YES;
				CLANG_WARN_COMMA = YES;
				CLANG_WARN_CONSTANT_CONVERSION = YES;
				CLANG_WARN_DEPRECATED_OBJC_IMPLEMENTATIONS = YES;
				CLANG_WARN_DIRECT_OBJC_ISA_USAGE = YES_ERROR;
				CLANG_WARN_DOCUMENTATION_COMMENTS = YES;
				CLANG_WARN_EMPTY_BODY = YES;
				CLANG_WARN_ENUM_CONVERSION = YES;
				CLANG_WARN_INFINITE_RECURSION = YES;
				CLANG_WARN_INT_CONVERSION = YES;
				CLANG_WARN_NON_LITERAL_NULL_CONVERSION = YES;
				CLANG_WARN_OBJC_IMPLICIT_RETAIN_SELF = YES;
				CLANG_WARN_OBJC_LITERAL_CONVERSION = YES;
				CLANG_WARN_OBJC_ROOT_CLASS = YES_ERROR;
				CLANG_WARN_QUOTED_INCLUDE_IN_FRAMEWORK_HEADER = YES;
				CLANG_WARN_RANGE_LOOP_ANALYSIS = YES;
				CLANG_WARN_STRICT_PROTOTYPES = YES;
				CLANG_WARN_SUSPICIOUS_MOVE = YES;
				CLANG_WARN_UNGUARDED_AVAILABILITY = YES_AGGRESSIVE;
				CLANG_WARN_UNREACHABLE_CODE = YES;
				CLANG_WARN__DUPLICATE_METHOD_MATCH = YES;
				COPY_PHASE_STRIP = NO;
				DEBUG_INFORMATION_FORMAT = "dwarf-with-dsym";
				ENABLE_NS_ASSERTIONS = NO;
				ENABLE_STRICT_OBJC_MSGSEND = YES;
				ENABLE_USER_SCRIPT_SANDBOXING = YES;
				GCC_C_LANGUAGE_STANDARD = gnu17;
				GCC_NO_COMMON_BLOCKS = YES;
				GCC_WARN_64_TO_32_BIT_CONVERSION = YES;
				GCC_WARN_ABOUT_RETURN_TYPE = YES_ERROR;
				GCC_WARN_UNDECLARED_SELECTOR = YES;
				GCC_WARN_UNINITIALIZED_AUTOS = YES_AGGRESSIVE;
				GCC_WARN_UNUSED_FUNCTION = YES;
				GCC_WARN_UNUSED_VARIABLE = YES;
				IPHONEOS_DEPLOYMENT_TARGET = 17.4;
				LOCALIZATION_PREFERS_STRING_CATALOGS = YES;
				MTL_ENABLE_DEBUG_INFO = NO;
				MTL_FAST_MATH = YES;
				SDKROOT = iphoneos;
				SWIFT_COMPILATION_MODE = wholemodule;
				VALIDATE_PRODUCT = YES;
			};
			name = Release;
		};
		04E4A2AD2BF9D2AB00EA1DB2 /* Debug */ = {
			isa = XCBuildConfiguration;
			buildSettings = {
				ASSETCATALOG_COMPILER_APPICON_NAME = AppIcon;
				ASSETCATALOG_COMPILER_GLOBAL_ACCENT_COLOR_NAME = AccentColor;
				CODE_SIGN_STYLE = Automatic;
				CURRENT_PROJECT_VERSION = 1;
				GENERATE_INFOPLIST_FILE = YES;
				INFOPLIST_FILE = RSAEncryptionDecryption/Info.plist;
				INFOPLIST_KEY_UIApplicationSupportsIndirectInputEvents = YES;
				INFOPLIST_KEY_UILaunchStoryboardName = LaunchScreen;
				INFOPLIST_KEY_UIMainStoryboardFile = Main;
				INFOPLIST_KEY_UISupportedInterfaceOrientations_iPad = "UIInterfaceOrientationPortrait UIInterfaceOrientationPortraitUpsideDown UIInterfaceOrientationLandscapeLeft UIInterfaceOrientationLandscapeRight";
				INFOPLIST_KEY_UISupportedInterfaceOrientations_iPhone = "UIInterfaceOrientationPortrait UIInterfaceOrientationLandscapeLeft UIInterfaceOrientationLandscapeRight";
				LD_RUNPATH_SEARCH_PATHS = (
					"$(inherited)",
					"@executable_path/Frameworks",
				);
				MARKETING_VERSION = 1.0;
				PRODUCT_BUNDLE_IDENTIFIER = com.RSAEncryptionDecryption;
				PRODUCT_NAME = "$(TARGET_NAME)";
				SWIFT_EMIT_LOC_STRINGS = YES;
				SWIFT_VERSION = 5.0;
				TARGETED_DEVICE_FAMILY = "1,2";
			};
			name = Debug;
		};
		04E4A2AE2BF9D2AB00EA1DB2 /* Release */ = {
			isa = XCBuildConfiguration;
			buildSettings = {
				ASSETCATALOG_COMPILER_APPICON_NAME = AppIcon;
				ASSETCATALOG_COMPILER_GLOBAL_ACCENT_COLOR_NAME = AccentColor;
				CODE_SIGN_STYLE = Automatic;
				CURRENT_PROJECT_VERSION = 1;
				GENERATE_INFOPLIST_FILE = YES;
				INFOPLIST_FILE = RSAEncryptionDecryption/Info.plist;
				INFOPLIST_KEY_UIApplicationSupportsIndirectInputEvents = YES;
				INFOPLIST_KEY_UILaunchStoryboardName = LaunchScreen;
				INFOPLIST_KEY_UIMainStoryboardFile = Main;
				INFOPLIST_KEY_UISupportedInterfaceOrientations_iPad = "UIInterfaceOrientationPortrait UIInterfaceOrientationPortraitUpsideDown UIInterfaceOrientationLandscapeLeft UIInterfaceOrientationLandscapeRight";
				INFOPLIST_KEY_UISupportedInterfaceOrientations_iPhone = "UIInterfaceOrientationPortrait UIInterfaceOrientationLandscapeLeft UIInterfaceOrientationLandscapeRight";
				LD_RUNPATH_SEARCH_PATHS = (
					"$(inherited)",
					"@executable_path/Frameworks",
				);
				MARKETING_VERSION = 1.0;
				PRODUCT_BUNDLE_IDENTIFIER = com.RSAEncryptionDecryption;
				PRODUCT_NAME = "$(TARGET_NAME)";
				SWIFT_EMIT_LOC_STRINGS = YES;
				SWIFT_VERSION = 5.0;
				TARGETED_DEVICE_FAMILY = "1,2";
			};
			name = Release;
		};
/* End XCBuildConfiguration section */

/* Begin XCConfigurationList section */
		04E4A2932BF9D2AA00EA1DB2 /* Build configuration list for PBXProject "RSAEncryptionDecryption" */ = {
			isa = XCConfigurationList;
			buildConfigurations = (
				04E4A2AA2BF9D2AB00EA1DB2 /* Debug */,
				04E4A2AB2BF9D2AB00EA1DB2 /* Release */,
			);
			defaultConfigurationIsVisible = 0;
			defaultConfigurationName = Release;
		};
		04E4A2AC2BF9D2AB00EA1DB2 /* Build configuration list for PBXNativeTarget "RSAEncryptionDecryption" */ = {
			isa = XCConfigurationList;
			buildConfigurations = (
				04E4A2AD2BF9D2AB00EA1DB2 /* Debug */,
				04E4A2AE2BF9D2AB00EA1DB2 /* Release */,
			);
			defaultConfigurationIsVisible = 0;
			defaultConfigurationName = Release;
		};
/* End XCConfigurationList section */
	};
	rootObject = 04E4A2902BF9D2AA00EA1DB2 /* Project object */;
}
